<?xml version="1.0" encoding="UTF-8" standalone="yes" ?>
<CodeBlocks_project_file>
	<FileVersion major="1" minor="6" />
	<Project>
		<Option title="Laberintos_y_Fantasmas" />
		<Option pch_mode="2" />
		<Option compiler="gcc" />
		<Build>
			<Target title="Cliente">
				<Option output="bin/Cliente/Laberintos_y_Fantasmas_Cliente" prefix_auto="1" extension_auto="1" />
				<Option object_output="obj/Cliente/" />
				<Option type="1" />
				<Option compiler="gcc" />
				<Compiler>
					<Add option="-g" />
					<Add directory="libraries/SDL2-2.32.8/x86_64-w64-mingw32/include/SDL2" />
					<Add directory="libraries/SDL2_image-2.8.8/x86_64-w64-mingw32/include/SDL2" />
					<Add directory="libraries/SDL2_mixer-2.8.1/x86_64-w64-mingw32/include/SDL2" />
					<Add directory="libraries/SDL2_ttf-2.24.0/x86_64-w64-mingw32/include/SDL2" />
				</Compiler>
				<Linker>
					<Add option="-lmingw32" />
					<Add option="-lSDL2main" />
					<Add option="-lSDL2" />
					<Add option="-lSDL2_image" />
					<Add option="-lSDL2_ttf" />
					<Add option="-lSDL2_mixer" />
					<Add library="ws2_32" />
					<Add directory="libraries/SDL2-2.32.8/x86_64-w64-mingw32/lib" />
					<Add directory="libraries/SDL2_image-2.8.8/x86_64-w64-mingw32/lib" />
					<Add directory="libraries/SDL2_mixer-2.8.1/x86_64-w64-mingw32/lib" />
					<Add directory="libraries/SDL2_ttf-2.24.0/x86_64-w64-mingw32/lib" />
				</Linker>
			</Target>
			<Target title="Servidor">
				<Option output="bin/Servidor/Laberintos_y_Fantasmas_Servidor" prefix_auto="1" extension_auto="1" />
				<Option object_output="obj/Servidor/" />
				<Option type="1" />
				<Option compiler="gcc" />
				<Compiler>
					<Add option="-g" />
				</Compiler>
				<Linker>
					<Add library="ws2_32" />
				</Linker>
			</Target>
		</Build>
		<Compiler>
			<Add option="-Wall" />
		</Compiler>
		<Unit filename="include/cliente/archivo.h">
			<Option target="Cliente" />
		</Unit>
		<Unit filename="include/cliente/assets.h">
			<Option target="Cliente" />
		</Unit>
		<Unit filename="include/cliente/cliente.h">
			<Option target="Cliente" />
		</Unit>
		<Unit filename="include/cliente/dibujado.h">
			<Option target="Cliente" />
		</Unit>
		<Unit filename="include/cliente/escenario.h">
			<Option target="Cliente" />
		</Unit>
		<Unit filename="include/cliente/graficos.h">
			<Option target="Cliente" />
		</Unit>
		<Unit filename="include/cliente/juego.h">
			<Option target="Cliente" />
		</Unit>
		<Unit filename="include/cliente/logica.h">
			<Option target="Cliente" />
		</Unit>
		<Unit filename="include/cliente/menu.h">
			<Option target="Cliente" />
		</Unit>
		<Unit filename="include/cliente/temporizador.h">
			<Option target="Cliente" />
		</Unit>
		<Unit filename="include/cliente/texto.h">
			<Option target="Cliente" />
		</Unit>
		<Unit filename="include/cliente/ventana.h">
			<Option target="Cliente" />
		</Unit>
		<Unit filename="include/cliente/widget.h">
			<Option target="Cliente" />
		</Unit>
		<Unit filename="include/comun/arbol.h" />
		<Unit filename="include/comun/cola.h" />
		<Unit filename="include/comun/comun.h" />
		<Unit filename="include/comun/lista.h" />
		<Unit filename="include/comun/matriz.h" />
		<Unit filename="include/comun/pila.h" />
		<Unit filename="include/comun/vector.h" />
		<Unit filename="include/servidor/bdatos.h">
			<Option target="Servidor" />
		</Unit>
		<Unit filename="include/servidor/servidor.h">
			<Option target="Servidor" />
		</Unit>
		<Unit filename="sources/cliente/archivo.c">
			<Option compilerVar="CC" />
			<Option target="Cliente" />
		</Unit>
		<Unit filename="sources/cliente/assets.c">
			<Option compilerVar="CC" />
			<Option target="Cliente" />
		</Unit>
		<Unit filename="sources/cliente/cliente.c">
			<Option compilerVar="CC" />
			<Option target="Cliente" />
		</Unit>
		<Unit filename="sources/cliente/dibujado.c">
			<Option compilerVar="CC" />
			<Option target="Cliente" />
		</Unit>
		<Unit filename="sources/cliente/escenario.c">
			<Option compilerVar="CC" />
			<Option target="Cliente" />
		</Unit>
		<Unit filename="sources/cliente/graficos.c">
			<Option compilerVar="CC" />
			<Option target="Cliente" />
		</Unit>
		<Unit filename="sources/cliente/juego.c">
			<Option compilerVar="CC" />
			<Option target="Cliente" />
		</Unit>
		<Unit filename="sources/cliente/logica.c">
			<Option compilerVar="CC" />
			<Option target="Cliente" />
		</Unit>
		<Unit filename="sources/cliente/main_cliente.c">
			<Option compilerVar="CC" />
			<Option target="Cliente" />
		</Unit>
		<Unit filename="sources/cliente/menu.c">
			<Option compilerVar="CC" />
			<Option target="Cliente" />
		</Unit>
		<Unit filename="sources/cliente/temporizador.c">
			<Option compilerVar="CC" />
			<Option target="Cliente" />
		</Unit>
		<Unit filename="sources/cliente/texto.c">
			<Option compilerVar="CC" />
			<Option target="Cliente" />
		</Unit>
		<Unit filename="sources/cliente/ventana.c">
			<Option compilerVar="CC" />
			<Option target="Cliente" />
		</Unit>
		<Unit filename="sources/cliente/widget.c">
			<Option compilerVar="CC" />
			<Option target="Cliente" />
		</Unit>
		<Unit filename="sources/comun/arbol.c">
			<Option compilerVar="CC" />
		</Unit>
		<Unit filename="sources/comun/cola.c">
			<Option compilerVar="CC" />
		</Unit>
		<Unit filename="sources/comun/lista.c">
			<Option compilerVar="CC" />
		</Unit>
		<Unit filename="sources/comun/matriz.c">
			<Option compilerVar="CC" />
		</Unit>
		<Unit filename="sources/comun/pila.c">
			<Option compilerVar="CC" />
		</Unit>
		<Unit filename="sources/comun/vector.c">
			<Option compilerVar="CC" />
		</Unit>
		<Unit filename="sources/servidor/bdatos.c">
			<Option compilerVar="CC" />
			<Option target="Servidor" />
		</Unit>
		<Unit filename="sources/servidor/main_servidor.c">
			<Option compilerVar="CC" />
			<Option target="Servidor" />
		</Unit>
		<Unit filename="sources/servidor/servidor.c">
			<Option compilerVar="CC" />
			<Option target="Servidor" />
		</Unit>
		<Extensions />
	</Project>
</CodeBlocks_project_file>
